// !$*UTF8*$!
{
	archiveVersion = 1;
	classes = {
	};
	objectVersion = 52;
	objects = {

/* Begin PBXBuildFile section */
		991B28C12489F66300A6A6DD /* Cartridge.swift in Sources */ = {isa = PBXBuildFile; fileRef = 991B28C02489F66300A6A6DD /* Cartridge.swift */; };
		991B28C4248A22BA00A6A6DD /* CPU.swift in Sources */ = {isa = PBXBuildFile; fileRef = 991B28C3248A22BA00A6A6DD /* CPU.swift */; };
		991B28C8248B43A700A6A6DD /* APU.swift in Sources */ = {isa = PBXBuildFile; fileRef = 991B28C7248B43A700A6A6DD /* APU.swift */; };
		991B28CA248B43B500A6A6DD /* PPU.swift in Sources */ = {isa = PBXBuildFile; fileRef = 991B28C9248B43B500A6A6DD /* PPU.swift */; };
		991B28CC248B470C00A6A6DD /* Console.swift in Sources */ = {isa = PBXBuildFile; fileRef = 991B28CB248B470C00A6A6DD /* Console.swift */; };
		991B28CE248B746A00A6A6DD /* Controller.swift in Sources */ = {isa = PBXBuildFile; fileRef = 991B28CD248B746A00A6A6DD /* Controller.swift */; };
		992164A3249D113D00EB4BAA /* Mapper_AxROM.swift in Sources */ = {isa = PBXBuildFile; fileRef = 992164A2249D113D00EB4BAA /* Mapper_AxROM.swift */; };
		99488F40248985F100942A1E /* AppDelegate.swift in Sources */ = {isa = PBXBuildFile; fileRef = 99488F3F248985F100942A1E /* AppDelegate.swift */; };
		99488F42248985F100942A1E /* DocumentBrowserViewController.swift in Sources */ = {isa = PBXBuildFile; fileRef = 99488F41248985F100942A1E /* DocumentBrowserViewController.swift */; };
		99488F46248985F100942A1E /* NesRomDocument.swift in Sources */ = {isa = PBXBuildFile; fileRef = 99488F45248985F100942A1E /* NesRomDocument.swift */; };
		99488F49248985F100942A1E /* Main.storyboard in Resources */ = {isa = PBXBuildFile; fileRef = 99488F47248985F100942A1E /* Main.storyboard */; };
		99488F4B248985F300942A1E /* Assets.xcassets in Resources */ = {isa = PBXBuildFile; fileRef = 99488F4A248985F300942A1E /* Assets.xcassets */; };
		99488F4E248985F300942A1E /* LaunchScreen.storyboard in Resources */ = {isa = PBXBuildFile; fileRef = 99488F4C248985F300942A1E /* LaunchScreen.storyboard */; };
		99488F592489BF8400942A1E /* UInt8+ByteUtils.swift in Sources */ = {isa = PBXBuildFile; fileRef = 99488F582489BF8400942A1E /* UInt8+ByteUtils.swift */; };
		994C12122496F10600DD2FE1 /* SceneDelegate.swift in Sources */ = {isa = PBXBuildFile; fileRef = 994C12112496F10600DD2FE1 /* SceneDelegate.swift */; };
		9953246224B5A86D000E9DE7 /* Mapper_ColorDreams_GxROM.swift in Sources */ = {isa = PBXBuildFile; fileRef = 9953246124B5A86D000E9DE7 /* Mapper_ColorDreams_GxROM.swift */; };
		9953246324B5A86D000E9DE7 /* Mapper_ColorDreams_GxROM.swift in Sources */ = {isa = PBXBuildFile; fileRef = 9953246124B5A86D000E9DE7 /* Mapper_ColorDreams_GxROM.swift */; };
		995C9ADB249BEC9A00429ECC /* Mapper_NROM_UNROM.swift in Sources */ = {isa = PBXBuildFile; fileRef = 995C9ADA249BEC9A00429ECC /* Mapper_NROM_UNROM.swift */; };
		995C9ADD249BECCA00429ECC /* Mapper_MMC1.swift in Sources */ = {isa = PBXBuildFile; fileRef = 995C9ADC249BECCA00429ECC /* Mapper_MMC1.swift */; };
		995C9ADF249BECE000429ECC /* Mapper_CNROM.swift in Sources */ = {isa = PBXBuildFile; fileRef = 995C9ADE249BECE000429ECC /* Mapper_CNROM.swift */; };
		995C9AE3249BED0B00429ECC /* Mapper_MMC2.swift in Sources */ = {isa = PBXBuildFile; fileRef = 995C9AE2249BED0B00429ECC /* Mapper_MMC2.swift */; };
		995C9AE5249BED4000429ECC /* Mapper_MMC3.swift in Sources */ = {isa = PBXBuildFile; fileRef = 995C9AE4249BED4000429ECC /* Mapper_MMC3.swift */; };
		995C9AEA249C081300429ECC /* Mapper_UnsupportedPlaceholder.swift in Sources */ = {isa = PBXBuildFile; fileRef = 995C9AE9249C081300429ECC /* Mapper_UnsupportedPlaceholder.swift */; };
		995EEC49249DFB2300FE24F8 /* Settings.swift in Sources */ = {isa = PBXBuildFile; fileRef = 995EEC48249DFB2300FE24F8 /* Settings.swift */; };
		999AA95C248F668000DA77AA /* NesRomViewController.swift in Sources */ = {isa = PBXBuildFile; fileRef = 999AA95B248F668000DA77AA /* NesRomViewController.swift */; };
		999EF98724988D8B007149C9 /* Localizable.strings in Resources */ = {isa = PBXBuildFile; fileRef = 999EF98624988D8B007149C9 /* Localizable.strings */; };
		99A372BF248F8EC000089773 /* NESScreenView.swift in Sources */ = {isa = PBXBuildFile; fileRef = 99A372BE248F8EC000089773 /* NESScreenView.swift */; };
		99A43E9824944CFD0009DB5B /* SampleRate.swift in Sources */ = {isa = PBXBuildFile; fileRef = 99A43E9724944CFD0009DB5B /* SampleRate.swift */; };
		99B0355E2496763000D2723F /* RomHeader.swift in Sources */ = {isa = PBXBuildFile; fileRef = 99B0355D2496763000D2723F /* RomHeader.swift */; };
		99B0355F2496763000D2723F /* RomHeader.swift in Sources */ = {isa = PBXBuildFile; fileRef = 99B0355D2496763000D2723F /* RomHeader.swift */; };
		99B1ED9C249E91C600BC66F3 /* SettingsTableViewController.swift in Sources */ = {isa = PBXBuildFile; fileRef = 99B1ED9B249E91C600BC66F3 /* SettingsTableViewController.swift */; };
		99B1ED9F249E924500BC66F3 /* SettingsToggleCell.swift in Sources */ = {isa = PBXBuildFile; fileRef = 99B1ED9D249E924500BC66F3 /* SettingsToggleCell.swift */; };
		99B1EDA0249E924500BC66F3 /* SettingsToggleCell.xib in Resources */ = {isa = PBXBuildFile; fileRef = 99B1ED9E249E924500BC66F3 /* SettingsToggleCell.xib */; };
		99B1EDA2249EB07900BC66F3 /* SettingsInfoViewController.swift in Sources */ = {isa = PBXBuildFile; fileRef = 99B1EDA1249EB07900BC66F3 /* SettingsInfoViewController.swift */; };
		99B1EDAC249EB0A800BC66F3 /* SettingsSegmentedCell.swift in Sources */ = {isa = PBXBuildFile; fileRef = 99B1EDA4249EB0A800BC66F3 /* SettingsSegmentedCell.swift */; };
		99B1EDAD249EB0A800BC66F3 /* SettingsMoreInfoCell.swift in Sources */ = {isa = PBXBuildFile; fileRef = 99B1EDA5249EB0A800BC66F3 /* SettingsMoreInfoCell.swift */; };
		99B1EDAE249EB0A800BC66F3 /* SettingsIconTextInfoCell.xib in Resources */ = {isa = PBXBuildFile; fileRef = 99B1EDA6249EB0A800BC66F3 /* SettingsIconTextInfoCell.xib */; };
		99B1EDAF249EB0A800BC66F3 /* SettingsAboutCell.xib in Resources */ = {isa = PBXBuildFile; fileRef = 99B1EDA7249EB0A800BC66F3 /* SettingsAboutCell.xib */; };
		99B1EDB0249EB0A800BC66F3 /* SettingsSegmentedCell.xib in Resources */ = {isa = PBXBuildFile; fileRef = 99B1EDA8249EB0A800BC66F3 /* SettingsSegmentedCell.xib */; };
		99B1EDB1249EB0A800BC66F3 /* SettingsMoreInfoCell.xib in Resources */ = {isa = PBXBuildFile; fileRef = 99B1EDA9249EB0A800BC66F3 /* SettingsMoreInfoCell.xib */; };
		99B1EDB2249EB0A800BC66F3 /* SettingsIconTextInfoCell.swift in Sources */ = {isa = PBXBuildFile; fileRef = 99B1EDAA249EB0A800BC66F3 /* SettingsIconTextInfoCell.swift */; };
		99B1EDB3249EB0A800BC66F3 /* SettingsAboutCell.swift in Sources */ = {isa = PBXBuildFile; fileRef = 99B1EDAB249EB0A800BC66F3 /* SettingsAboutCell.swift */; };
		99B1EDB5249EB0D100BC66F3 /* UIStackView+ArrangedSubviews.swift in Sources */ = {isa = PBXBuildFile; fileRef = 99B1EDB4249EB0D100BC66F3 /* UIStackView+ArrangedSubviews.swift */; };
		99B1EDB7249EB2DF00BC66F3 /* Collection+SafeIndex.swift in Sources */ = {isa = PBXBuildFile; fileRef = 99B1EDB6249EB2DF00BC66F3 /* Collection+SafeIndex.swift */; };
		99B1EDB9249EC8D000BC66F3 /* SettingsNavigationController.swift in Sources */ = {isa = PBXBuildFile; fileRef = 99B1EDB8249EC8D000BC66F3 /* SettingsNavigationController.swift */; };
		99B7C307249F009100B26AC6 /* Settings.bundle in Resources */ = {isa = PBXBuildFile; fileRef = 99B7C306249F009100B26AC6 /* Settings.bundle */; };
		99B7C309249F33DC00B26AC6 /* Bundle+Version.swift in Sources */ = {isa = PBXBuildFile; fileRef = 99B7C308249F33DC00B26AC6 /* Bundle+Version.swift */; };
		99B7C30B249F33EF00B26AC6 /* Date+Year.swift in Sources */ = {isa = PBXBuildFile; fileRef = 99B7C30A249F33EF00B26AC6 /* Date+Year.swift */; };
		99C7F1732494096000E4C04D /* Filter.swift in Sources */ = {isa = PBXBuildFile; fileRef = 99C7F1722494096000E4C04D /* Filter.swift */; };
		99C7F1752494221800E4C04D /* AudioEngine.swift in Sources */ = {isa = PBXBuildFile; fileRef = 99C7F1742494221800E4C04D /* AudioEngine.swift */; };
		99E2E2052495D8C1008AFCDB /* QuickLookThumbnailing.framework in Frameworks */ = {isa = PBXBuildFile; fileRef = 99E2E2042495D8C1008AFCDB /* QuickLookThumbnailing.framework */; };
		99E2E2082495D8C1008AFCDB /* ThumbnailProvider.swift in Sources */ = {isa = PBXBuildFile; fileRef = 99E2E2072495D8C1008AFCDB /* ThumbnailProvider.swift */; };
		99E2E20C2495D8C1008AFCDB /* nes-thumbnail-provider.appex in Embed App Extensions */ = {isa = PBXBuildFile; fileRef = 99E2E2022495D8C1008AFCDB /* nes-thumbnail-provider.appex */; platformFilter = ios; settings = {ATTRIBUTES = (RemoveHeadersOnCopy, ); }; };
		99E2E21124960A07008AFCDB /* UInt8+ByteUtils.swift in Sources */ = {isa = PBXBuildFile; fileRef = 99488F582489BF8400942A1E /* UInt8+ByteUtils.swift */; };
		99E2E21324966A32008AFCDB /* MirroringMode.swift in Sources */ = {isa = PBXBuildFile; fileRef = 99E2E21224966A32008AFCDB /* MirroringMode.swift */; };
		99E2E21424966A32008AFCDB /* MirroringMode.swift in Sources */ = {isa = PBXBuildFile; fileRef = 99E2E21224966A32008AFCDB /* MirroringMode.swift */; };
		99E2E21624966AB0008AFCDB /* MapperIdentifier.swift in Sources */ = {isa = PBXBuildFile; fileRef = 99E2E21524966AB0008AFCDB /* MapperIdentifier.swift */; };
		99E2E21724966AB0008AFCDB /* MapperIdentifier.swift in Sources */ = {isa = PBXBuildFile; fileRef = 99E2E21524966AB0008AFCDB /* MapperIdentifier.swift */; };
		99FA3C9124A6E7CD0065E539 /* AppDelegate.swift in Sources */ = {isa = PBXBuildFile; fileRef = 99FA3C9024A6E7CD0065E539 /* AppDelegate.swift */; };
		99FA3C9324A6E7CD0065E539 /* RomListTableViewController.swift in Sources */ = {isa = PBXBuildFile; fileRef = 99FA3C9224A6E7CD0065E539 /* RomListTableViewController.swift */; };
		99FA3C9624A6E7CD0065E539 /* Main.storyboard in Resources */ = {isa = PBXBuildFile; fileRef = 99FA3C9424A6E7CD0065E539 /* Main.storyboard */; };
		99FA3C9824A6E7D00065E539 /* Assets.xcassets in Resources */ = {isa = PBXBuildFile; fileRef = 99FA3C9724A6E7D00065E539 /* Assets.xcassets */; };
		99FA3C9B24A6E7D00065E539 /* LaunchScreen.storyboard in Resources */ = {isa = PBXBuildFile; fileRef = 99FA3C9924A6E7D00065E539 /* LaunchScreen.storyboard */; };
		99FA3CA324A6F08C0065E539 /* NesRomViewController.swift in Sources */ = {isa = PBXBuildFile; fileRef = 999AA95B248F668000DA77AA /* NesRomViewController.swift */; };
		99FA3CA424A6F1000065E539 /* UInt8+ByteUtils.swift in Sources */ = {isa = PBXBuildFile; fileRef = 99488F582489BF8400942A1E /* UInt8+ByteUtils.swift */; };
		99FA3CA524A6F1030065E539 /* Collection+SafeIndex.swift in Sources */ = {isa = PBXBuildFile; fileRef = 99B1EDB6249EB2DF00BC66F3 /* Collection+SafeIndex.swift */; };
		99FA3CA624A6F1050065E539 /* Bundle+Version.swift in Sources */ = {isa = PBXBuildFile; fileRef = 99B7C308249F33DC00B26AC6 /* Bundle+Version.swift */; };
		99FA3CA724A6F1090065E539 /* Date+Year.swift in Sources */ = {isa = PBXBuildFile; fileRef = 99B7C30A249F33EF00B26AC6 /* Date+Year.swift */; };
		99FA3CA824A6F10B0065E539 /* UIStackView+ArrangedSubviews.swift in Sources */ = {isa = PBXBuildFile; fileRef = 99B1EDB4249EB0D100BC66F3 /* UIStackView+ArrangedSubviews.swift */; };
		99FA3CA924A6F1100065E539 /* MapperProtocol.swift in Sources */ = {isa = PBXBuildFile; fileRef = 99FB2209248DCC7A00D557A4 /* MapperProtocol.swift */; };
		99FA3CAA24A6F1120065E539 /* Mapper_AxROM.swift in Sources */ = {isa = PBXBuildFile; fileRef = 992164A2249D113D00EB4BAA /* Mapper_AxROM.swift */; };
		99FA3CAB24A6F1140065E539 /* Mapper_CNROM.swift in Sources */ = {isa = PBXBuildFile; fileRef = 995C9ADE249BECE000429ECC /* Mapper_CNROM.swift */; };
		99FA3CAC24A6F1160065E539 /* Mapper_MMC1.swift in Sources */ = {isa = PBXBuildFile; fileRef = 995C9ADC249BECCA00429ECC /* Mapper_MMC1.swift */; };
		99FA3CAD24A6F1180065E539 /* Mapper_MMC2.swift in Sources */ = {isa = PBXBuildFile; fileRef = 995C9AE2249BED0B00429ECC /* Mapper_MMC2.swift */; };
		99FA3CAE24A6F11A0065E539 /* Mapper_MMC3.swift in Sources */ = {isa = PBXBuildFile; fileRef = 995C9AE4249BED4000429ECC /* Mapper_MMC3.swift */; };
		99FA3CAF24A6F11D0065E539 /* Mapper_NROM_UNROM.swift in Sources */ = {isa = PBXBuildFile; fileRef = 995C9ADA249BEC9A00429ECC /* Mapper_NROM_UNROM.swift */; };
		99FA3CB024A6F11F0065E539 /* Mapper_UnsupportedPlaceholder.swift in Sources */ = {isa = PBXBuildFile; fileRef = 995C9AE9249C081300429ECC /* Mapper_UnsupportedPlaceholder.swift */; };
		99FA3CB124A6F1270065E539 /* MapperIdentifier.swift in Sources */ = {isa = PBXBuildFile; fileRef = 99E2E21524966AB0008AFCDB /* MapperIdentifier.swift */; };
		99FA3CB224A6F1270065E539 /* MirroringMode.swift in Sources */ = {isa = PBXBuildFile; fileRef = 99E2E21224966A32008AFCDB /* MirroringMode.swift */; };
		99FA3CB324A6F1270065E539 /* RomHeader.swift in Sources */ = {isa = PBXBuildFile; fileRef = 99B0355D2496763000D2723F /* RomHeader.swift */; };
		99FA3CB424A6F12A0065E539 /* Console.swift in Sources */ = {isa = PBXBuildFile; fileRef = 991B28CB248B470C00A6A6DD /* Console.swift */; };
		99FA3CB524A6F12A0065E539 /* CPU.swift in Sources */ = {isa = PBXBuildFile; fileRef = 991B28C3248A22BA00A6A6DD /* CPU.swift */; };
		99FA3CB624A6F12A0065E539 /* APU.swift in Sources */ = {isa = PBXBuildFile; fileRef = 991B28C7248B43A700A6A6DD /* APU.swift */; };
		99FA3CB724A6F12A0065E539 /* PPU.swift in Sources */ = {isa = PBXBuildFile; fileRef = 991B28C9248B43B500A6A6DD /* PPU.swift */; };
		99FA3CB824A6F12A0065E539 /* Cartridge.swift in Sources */ = {isa = PBXBuildFile; fileRef = 991B28C02489F66300A6A6DD /* Cartridge.swift */; };
		99FA3CB924A6F12A0065E539 /* Controller.swift in Sources */ = {isa = PBXBuildFile; fileRef = 991B28CD248B746A00A6A6DD /* Controller.swift */; };
		99FA3CBA24A6F12A0065E539 /* Filter.swift in Sources */ = {isa = PBXBuildFile; fileRef = 99C7F1722494096000E4C04D /* Filter.swift */; };
		99FA3CBC24A6F1500065E539 /* AudioEngine.swift in Sources */ = {isa = PBXBuildFile; fileRef = 99C7F1742494221800E4C04D /* AudioEngine.swift */; };
		99FA3CBD24A6F1500065E539 /* SampleRate.swift in Sources */ = {isa = PBXBuildFile; fileRef = 99A43E9724944CFD0009DB5B /* SampleRate.swift */; };
		99FA3CBE24A6F1500065E539 /* Settings.swift in Sources */ = {isa = PBXBuildFile; fileRef = 995EEC48249DFB2300FE24F8 /* Settings.swift */; };
		99FA3CBF24A6F16D0065E539 /* NESScreenView.swift in Sources */ = {isa = PBXBuildFile; fileRef = 99A372BE248F8EC000089773 /* NESScreenView.swift */; };
		99FB220A248DCC7A00D557A4 /* MapperProtocol.swift in Sources */ = {isa = PBXBuildFile; fileRef = 99FB2209248DCC7A00D557A4 /* MapperProtocol.swift */; };
		99FEEA60249DBB280072D225 /* NesRomNavigationController.swift in Sources */ = {isa = PBXBuildFile; fileRef = 99FEEA5F249DBB280072D225 /* NesRomNavigationController.swift */; };
/* End PBXBuildFile section */

/* Begin PBXContainerItemProxy section */
		99E2E20A2495D8C1008AFCDB /* PBXContainerItemProxy */ = {
			isa = PBXContainerItemProxy;
			containerPortal = 99488F34248985F100942A1E /* Project object */;
			proxyType = 1;
			remoteGlobalIDString = 99E2E2012495D8C1008AFCDB;
			remoteInfo = "nes-thumbnail-provider";
		};
/* End PBXContainerItemProxy section */

/* Begin PBXCopyFilesBuildPhase section */
		99E2E20D2495D8C1008AFCDB /* Embed App Extensions */ = {
			isa = PBXCopyFilesBuildPhase;
			buildActionMask = 2147483647;
			dstPath = "";
			dstSubfolderSpec = 13;
			files = (
				99E2E20C2495D8C1008AFCDB /* nes-thumbnail-provider.appex in Embed App Extensions */,
			);
			name = "Embed App Extensions";
			runOnlyForDeploymentPostprocessing = 0;
		};
/* End PBXCopyFilesBuildPhase section */

/* Begin PBXFileReference section */
		991B28C02489F66300A6A6DD /* Cartridge.swift */ = {isa = PBXFileReference; lastKnownFileType = sourcecode.swift; path = Cartridge.swift; sourceTree = "<group>"; };
		991B28C3248A22BA00A6A6DD /* CPU.swift */ = {isa = PBXFileReference; lastKnownFileType = sourcecode.swift; path = CPU.swift; sourceTree = "<group>"; };
		991B28C7248B43A700A6A6DD /* APU.swift */ = {isa = PBXFileReference; lastKnownFileType = sourcecode.swift; path = APU.swift; sourceTree = "<group>"; };
		991B28C9248B43B500A6A6DD /* PPU.swift */ = {isa = PBXFileReference; lastKnownFileType = sourcecode.swift; path = PPU.swift; sourceTree = "<group>"; };
		991B28CB248B470C00A6A6DD /* Console.swift */ = {isa = PBXFileReference; lastKnownFileType = sourcecode.swift; path = Console.swift; sourceTree = "<group>"; };
		991B28CD248B746A00A6A6DD /* Controller.swift */ = {isa = PBXFileReference; lastKnownFileType = sourcecode.swift; path = Controller.swift; sourceTree = "<group>"; };
		992164A2249D113D00EB4BAA /* Mapper_AxROM.swift */ = {isa = PBXFileReference; fileEncoding = 4; lastKnownFileType = sourcecode.swift; path = Mapper_AxROM.swift; sourceTree = "<group>"; };
		99488F3C248985F100942A1E /* nes-emu-ios.app */ = {isa = PBXFileReference; explicitFileType = wrapper.application; includeInIndex = 0; path = "nes-emu-ios.app"; sourceTree = BUILT_PRODUCTS_DIR; };
		99488F3F248985F100942A1E /* AppDelegate.swift */ = {isa = PBXFileReference; lastKnownFileType = sourcecode.swift; path = AppDelegate.swift; sourceTree = "<group>"; };
		99488F41248985F100942A1E /* DocumentBrowserViewController.swift */ = {isa = PBXFileReference; lastKnownFileType = sourcecode.swift; path = DocumentBrowserViewController.swift; sourceTree = "<group>"; };
		99488F45248985F100942A1E /* NesRomDocument.swift */ = {isa = PBXFileReference; lastKnownFileType = sourcecode.swift; path = NesRomDocument.swift; sourceTree = "<group>"; };
		99488F48248985F100942A1E /* Base */ = {isa = PBXFileReference; lastKnownFileType = file.storyboard; name = Base; path = Base.lproj/Main.storyboard; sourceTree = "<group>"; };
		99488F4A248985F300942A1E /* Assets.xcassets */ = {isa = PBXFileReference; lastKnownFileType = folder.assetcatalog; path = Assets.xcassets; sourceTree = "<group>"; };
		99488F4D248985F300942A1E /* Base */ = {isa = PBXFileReference; lastKnownFileType = file.storyboard; name = Base; path = Base.lproj/LaunchScreen.storyboard; sourceTree = "<group>"; };
		99488F4F248985F300942A1E /* Info.plist */ = {isa = PBXFileReference; lastKnownFileType = text.plist.xml; path = Info.plist; sourceTree = "<group>"; };
		99488F582489BF8400942A1E /* UInt8+ByteUtils.swift */ = {isa = PBXFileReference; lastKnownFileType = sourcecode.swift; path = "UInt8+ByteUtils.swift"; sourceTree = "<group>"; };
		994C12112496F10600DD2FE1 /* SceneDelegate.swift */ = {isa = PBXFileReference; lastKnownFileType = sourcecode.swift; path = SceneDelegate.swift; sourceTree = "<group>"; };
		9953246124B5A86D000E9DE7 /* Mapper_ColorDreams_GxROM.swift */ = {isa = PBXFileReference; lastKnownFileType = sourcecode.swift; path = Mapper_ColorDreams_GxROM.swift; sourceTree = "<group>"; };
		995C9ADA249BEC9A00429ECC /* Mapper_NROM_UNROM.swift */ = {isa = PBXFileReference; lastKnownFileType = sourcecode.swift; path = Mapper_NROM_UNROM.swift; sourceTree = "<group>"; };
		995C9ADC249BECCA00429ECC /* Mapper_MMC1.swift */ = {isa = PBXFileReference; lastKnownFileType = sourcecode.swift; path = Mapper_MMC1.swift; sourceTree = "<group>"; };
		995C9ADE249BECE000429ECC /* Mapper_CNROM.swift */ = {isa = PBXFileReference; lastKnownFileType = sourcecode.swift; path = Mapper_CNROM.swift; sourceTree = "<group>"; };
		995C9AE2249BED0B00429ECC /* Mapper_MMC2.swift */ = {isa = PBXFileReference; lastKnownFileType = sourcecode.swift; path = Mapper_MMC2.swift; sourceTree = "<group>"; };
		995C9AE4249BED4000429ECC /* Mapper_MMC3.swift */ = {isa = PBXFileReference; lastKnownFileType = sourcecode.swift; path = Mapper_MMC3.swift; sourceTree = "<group>"; };
		995C9AE9249C081300429ECC /* Mapper_UnsupportedPlaceholder.swift */ = {isa = PBXFileReference; fileEncoding = 4; lastKnownFileType = sourcecode.swift; path = Mapper_UnsupportedPlaceholder.swift; sourceTree = "<group>"; };
		995EEC48249DFB2300FE24F8 /* Settings.swift */ = {isa = PBXFileReference; lastKnownFileType = sourcecode.swift; path = Settings.swift; sourceTree = "<group>"; };
		999AA95B248F668000DA77AA /* NesRomViewController.swift */ = {isa = PBXFileReference; lastKnownFileType = sourcecode.swift; path = NesRomViewController.swift; sourceTree = "<group>"; };
		999EF98624988D8B007149C9 /* Localizable.strings */ = {isa = PBXFileReference; fileEncoding = 4; lastKnownFileType = text.plist.strings; path = Localizable.strings; sourceTree = "<group>"; };
		99A372BE248F8EC000089773 /* NESScreenView.swift */ = {isa = PBXFileReference; lastKnownFileType = sourcecode.swift; path = NESScreenView.swift; sourceTree = "<group>"; };
		99A372C0249028DC00089773 /* nes-emu-ios.entitlements */ = {isa = PBXFileReference; lastKnownFileType = text.plist.entitlements; path = "nes-emu-ios.entitlements"; sourceTree = "<group>"; };
		99A43E9724944CFD0009DB5B /* SampleRate.swift */ = {isa = PBXFileReference; fileEncoding = 4; lastKnownFileType = sourcecode.swift; path = SampleRate.swift; sourceTree = "<group>"; };
		99B0355D2496763000D2723F /* RomHeader.swift */ = {isa = PBXFileReference; lastKnownFileType = sourcecode.swift; path = RomHeader.swift; sourceTree = "<group>"; };
		99B1ED9B249E91C600BC66F3 /* SettingsTableViewController.swift */ = {isa = PBXFileReference; lastKnownFileType = sourcecode.swift; path = SettingsTableViewController.swift; sourceTree = "<group>"; };
		99B1ED9D249E924500BC66F3 /* SettingsToggleCell.swift */ = {isa = PBXFileReference; lastKnownFileType = sourcecode.swift; path = SettingsToggleCell.swift; sourceTree = "<group>"; };
		99B1ED9E249E924500BC66F3 /* SettingsToggleCell.xib */ = {isa = PBXFileReference; lastKnownFileType = file.xib; path = SettingsToggleCell.xib; sourceTree = "<group>"; };
		99B1EDA1249EB07900BC66F3 /* SettingsInfoViewController.swift */ = {isa = PBXFileReference; lastKnownFileType = sourcecode.swift; path = SettingsInfoViewController.swift; sourceTree = "<group>"; };
		99B1EDA4249EB0A800BC66F3 /* SettingsSegmentedCell.swift */ = {isa = PBXFileReference; fileEncoding = 4; lastKnownFileType = sourcecode.swift; path = SettingsSegmentedCell.swift; sourceTree = "<group>"; };
		99B1EDA5249EB0A800BC66F3 /* SettingsMoreInfoCell.swift */ = {isa = PBXFileReference; fileEncoding = 4; lastKnownFileType = sourcecode.swift; path = SettingsMoreInfoCell.swift; sourceTree = "<group>"; };
		99B1EDA6249EB0A800BC66F3 /* SettingsIconTextInfoCell.xib */ = {isa = PBXFileReference; fileEncoding = 4; lastKnownFileType = file.xib; path = SettingsIconTextInfoCell.xib; sourceTree = "<group>"; };
		99B1EDA7249EB0A800BC66F3 /* SettingsAboutCell.xib */ = {isa = PBXFileReference; fileEncoding = 4; lastKnownFileType = file.xib; path = SettingsAboutCell.xib; sourceTree = "<group>"; };
		99B1EDA8249EB0A800BC66F3 /* SettingsSegmentedCell.xib */ = {isa = PBXFileReference; fileEncoding = 4; lastKnownFileType = file.xib; path = SettingsSegmentedCell.xib; sourceTree = "<group>"; };
		99B1EDA9249EB0A800BC66F3 /* SettingsMoreInfoCell.xib */ = {isa = PBXFileReference; fileEncoding = 4; lastKnownFileType = file.xib; path = SettingsMoreInfoCell.xib; sourceTree = "<group>"; };
		99B1EDAA249EB0A800BC66F3 /* SettingsIconTextInfoCell.swift */ = {isa = PBXFileReference; fileEncoding = 4; lastKnownFileType = sourcecode.swift; path = SettingsIconTextInfoCell.swift; sourceTree = "<group>"; };
		99B1EDAB249EB0A800BC66F3 /* SettingsAboutCell.swift */ = {isa = PBXFileReference; fileEncoding = 4; lastKnownFileType = sourcecode.swift; path = SettingsAboutCell.swift; sourceTree = "<group>"; };
		99B1EDB4249EB0D100BC66F3 /* UIStackView+ArrangedSubviews.swift */ = {isa = PBXFileReference; fileEncoding = 4; lastKnownFileType = sourcecode.swift; path = "UIStackView+ArrangedSubviews.swift"; sourceTree = "<group>"; };
		99B1EDB6249EB2DF00BC66F3 /* Collection+SafeIndex.swift */ = {isa = PBXFileReference; lastKnownFileType = sourcecode.swift; path = "Collection+SafeIndex.swift"; sourceTree = "<group>"; };
		99B1EDB8249EC8D000BC66F3 /* SettingsNavigationController.swift */ = {isa = PBXFileReference; lastKnownFileType = sourcecode.swift; path = SettingsNavigationController.swift; sourceTree = "<group>"; };
		99B7C306249F009100B26AC6 /* Settings.bundle */ = {isa = PBXFileReference; lastKnownFileType = "wrapper.plug-in"; path = Settings.bundle; sourceTree = "<group>"; };
		99B7C308249F33DC00B26AC6 /* Bundle+Version.swift */ = {isa = PBXFileReference; fileEncoding = 4; lastKnownFileType = sourcecode.swift; path = "Bundle+Version.swift"; sourceTree = "<group>"; };
		99B7C30A249F33EF00B26AC6 /* Date+Year.swift */ = {isa = PBXFileReference; fileEncoding = 4; lastKnownFileType = sourcecode.swift; path = "Date+Year.swift"; sourceTree = "<group>"; };
		99C7F1722494096000E4C04D /* Filter.swift */ = {isa = PBXFileReference; lastKnownFileType = sourcecode.swift; path = Filter.swift; sourceTree = "<group>"; };
		99C7F1742494221800E4C04D /* AudioEngine.swift */ = {isa = PBXFileReference; lastKnownFileType = sourcecode.swift; path = AudioEngine.swift; sourceTree = "<group>"; };
		99E2E2022495D8C1008AFCDB /* nes-thumbnail-provider.appex */ = {isa = PBXFileReference; explicitFileType = "wrapper.app-extension"; includeInIndex = 0; path = "nes-thumbnail-provider.appex"; sourceTree = BUILT_PRODUCTS_DIR; };
		99E2E2042495D8C1008AFCDB /* QuickLookThumbnailing.framework */ = {isa = PBXFileReference; lastKnownFileType = wrapper.framework; name = QuickLookThumbnailing.framework; path = System/Library/Frameworks/QuickLookThumbnailing.framework; sourceTree = SDKROOT; };
		99E2E2072495D8C1008AFCDB /* ThumbnailProvider.swift */ = {isa = PBXFileReference; lastKnownFileType = sourcecode.swift; path = ThumbnailProvider.swift; sourceTree = "<group>"; };
		99E2E2092495D8C1008AFCDB /* Info.plist */ = {isa = PBXFileReference; lastKnownFileType = text.plist.xml; path = Info.plist; sourceTree = "<group>"; };
		99E2E21224966A32008AFCDB /* MirroringMode.swift */ = {isa = PBXFileReference; lastKnownFileType = sourcecode.swift; path = MirroringMode.swift; sourceTree = "<group>"; };
		99E2E21524966AB0008AFCDB /* MapperIdentifier.swift */ = {isa = PBXFileReference; lastKnownFileType = sourcecode.swift; path = MapperIdentifier.swift; sourceTree = "<group>"; };
		99FA3C8E24A6E7CD0065E539 /* nes-emu-tvos.app */ = {isa = PBXFileReference; explicitFileType = wrapper.application; includeInIndex = 0; path = "nes-emu-tvos.app"; sourceTree = BUILT_PRODUCTS_DIR; };
		99FA3C9024A6E7CD0065E539 /* AppDelegate.swift */ = {isa = PBXFileReference; lastKnownFileType = sourcecode.swift; path = AppDelegate.swift; sourceTree = "<group>"; };
		99FA3C9224A6E7CD0065E539 /* RomListTableViewController.swift */ = {isa = PBXFileReference; lastKnownFileType = sourcecode.swift; path = RomListTableViewController.swift; sourceTree = "<group>"; };
		99FA3C9524A6E7CD0065E539 /* Base */ = {isa = PBXFileReference; lastKnownFileType = file.storyboard; name = Base; path = Base.lproj/Main.storyboard; sourceTree = "<group>"; };
		99FA3C9724A6E7D00065E539 /* Assets.xcassets */ = {isa = PBXFileReference; lastKnownFileType = folder.assetcatalog; path = Assets.xcassets; sourceTree = "<group>"; };
		99FA3C9A24A6E7D00065E539 /* Base */ = {isa = PBXFileReference; lastKnownFileType = file.storyboard; name = Base; path = Base.lproj/LaunchScreen.storyboard; sourceTree = "<group>"; };
		99FA3C9C24A6E7D00065E539 /* Info.plist */ = {isa = PBXFileReference; lastKnownFileType = text.plist.xml; path = Info.plist; sourceTree = "<group>"; };
		99FA3CC024A7A4050065E539 /* nes-emu-tvos.entitlements */ = {isa = PBXFileReference; lastKnownFileType = text.plist.entitlements; path = "nes-emu-tvos.entitlements"; sourceTree = "<group>"; };
		99FB2209248DCC7A00D557A4 /* MapperProtocol.swift */ = {isa = PBXFileReference; lastKnownFileType = sourcecode.swift; path = MapperProtocol.swift; sourceTree = "<group>"; };
		99FEEA5F249DBB280072D225 /* NesRomNavigationController.swift */ = {isa = PBXFileReference; lastKnownFileType = sourcecode.swift; path = NesRomNavigationController.swift; sourceTree = "<group>"; };
/* End PBXFileReference section */

/* Begin PBXFrameworksBuildPhase section */
		99488F39248985F100942A1E /* Frameworks */ = {
			isa = PBXFrameworksBuildPhase;
			buildActionMask = 2147483647;
			files = (
			);
			runOnlyForDeploymentPostprocessing = 0;
		};
		99E2E1FF2495D8C1008AFCDB /* Frameworks */ = {
			isa = PBXFrameworksBuildPhase;
			buildActionMask = 2147483647;
			files = (
				99E2E2052495D8C1008AFCDB /* QuickLookThumbnailing.framework in Frameworks */,
			);
			runOnlyForDeploymentPostprocessing = 0;
		};
		99FA3C8B24A6E7CD0065E539 /* Frameworks */ = {
			isa = PBXFrameworksBuildPhase;
			buildActionMask = 2147483647;
			files = (
			);
			runOnlyForDeploymentPostprocessing = 0;
		};
/* End PBXFrameworksBuildPhase section */

/* Begin PBXGroup section */
		991B28C2248A229500A6A6DD /* NES */ = {
			isa = PBXGroup;
			children = (
				995C9AE8249C064300429ECC /* Protocols */,
				995C9AD9249BEC8100429ECC /* Mappers */,
				99E2E21824966AB8008AFCDB /* Shared */,
				991B28CB248B470C00A6A6DD /* Console.swift */,
				991B28C3248A22BA00A6A6DD /* CPU.swift */,
				991B28C7248B43A700A6A6DD /* APU.swift */,
				991B28C9248B43B500A6A6DD /* PPU.swift */,
				991B28C02489F66300A6A6DD /* Cartridge.swift */,
				991B28CD248B746A00A6A6DD /* Controller.swift */,
				99C7F1722494096000E4C04D /* Filter.swift */,
			);
			path = NES;
			sourceTree = "<group>";
		};
		99488F33248985F100942A1E = {
			isa = PBXGroup;
			children = (
				99488F3E248985F100942A1E /* nes-emu-ios */,
				99FA3C8F24A6E7CD0065E539 /* nes-emu-tvos */,
				99E2E2062495D8C1008AFCDB /* nes-thumbnail-provider */,
				99E2E2032495D8C1008AFCDB /* Frameworks */,
				99488F3D248985F100942A1E /* Products */,
			);
			sourceTree = "<group>";
		};
		99488F3D248985F100942A1E /* Products */ = {
			isa = PBXGroup;
			children = (
				99488F3C248985F100942A1E /* nes-emu-ios.app */,
				99E2E2022495D8C1008AFCDB /* nes-thumbnail-provider.appex */,
				99FA3C8E24A6E7CD0065E539 /* nes-emu-tvos.app */,
			);
			name = Products;
			sourceTree = "<group>";
		};
		99488F3E248985F100942A1E /* nes-emu-ios */ = {
			isa = PBXGroup;
			children = (
				99B7C306249F009100B26AC6 /* Settings.bundle */,
				99A372C0249028DC00089773 /* nes-emu-ios.entitlements */,
				99488F3F248985F100942A1E /* AppDelegate.swift */,
				994C12112496F10600DD2FE1 /* SceneDelegate.swift */,
				99488F572489BF6F00942A1E /* Extensions */,
				99488F562489AFC500942A1E /* Model */,
				99A372E62490D6FA00089773 /* ViewControllers */,
				99488F552489AFBD00942A1E /* Views */,
				99488F47248985F100942A1E /* Main.storyboard */,
				99488F4A248985F300942A1E /* Assets.xcassets */,
				99488F4C248985F300942A1E /* LaunchScreen.storyboard */,
				999EF98624988D8B007149C9 /* Localizable.strings */,
				99488F4F248985F300942A1E /* Info.plist */,
			);
			path = "nes-emu-ios";
			sourceTree = "<group>";
		};
		99488F552489AFBD00942A1E /* Views */ = {
			isa = PBXGroup;
			children = (
				99B1EDA3249EB09100BC66F3 /* Cells */,
				99A372BE248F8EC000089773 /* NESScreenView.swift */,
			);
			path = Views;
			sourceTree = "<group>";
		};
		99488F562489AFC500942A1E /* Model */ = {
			isa = PBXGroup;
			children = (
				991B28C2248A229500A6A6DD /* NES */,
				99488F45248985F100942A1E /* NesRomDocument.swift */,
				99C7F1742494221800E4C04D /* AudioEngine.swift */,
				99A43E9724944CFD0009DB5B /* SampleRate.swift */,
				995EEC48249DFB2300FE24F8 /* Settings.swift */,
			);
			path = Model;
			sourceTree = "<group>";
		};
		99488F572489BF6F00942A1E /* Extensions */ = {
			isa = PBXGroup;
			children = (
				99B1EDB4249EB0D100BC66F3 /* UIStackView+ArrangedSubviews.swift */,
				99488F582489BF8400942A1E /* UInt8+ByteUtils.swift */,
				99B1EDB6249EB2DF00BC66F3 /* Collection+SafeIndex.swift */,
				99B7C308249F33DC00B26AC6 /* Bundle+Version.swift */,
				99B7C30A249F33EF00B26AC6 /* Date+Year.swift */,
			);
			path = Extensions;
			sourceTree = "<group>";
		};
		995C9AD9249BEC8100429ECC /* Mappers */ = {
			isa = PBXGroup;
			children = (
				992164A2249D113D00EB4BAA /* Mapper_AxROM.swift */,
				995C9ADE249BECE000429ECC /* Mapper_CNROM.swift */,
				995C9ADC249BECCA00429ECC /* Mapper_MMC1.swift */,
				995C9AE2249BED0B00429ECC /* Mapper_MMC2.swift */,
				995C9AE4249BED4000429ECC /* Mapper_MMC3.swift */,
				995C9ADA249BEC9A00429ECC /* Mapper_NROM_UNROM.swift */,
				9953246124B5A86D000E9DE7 /* Mapper_ColorDreams_GxROM.swift */,
				995C9AE9249C081300429ECC /* Mapper_UnsupportedPlaceholder.swift */,
			);
			path = Mappers;
			sourceTree = "<group>";
		};
		995C9AE8249C064300429ECC /* Protocols */ = {
			isa = PBXGroup;
			children = (
				99FB2209248DCC7A00D557A4 /* MapperProtocol.swift */,
			);
			path = Protocols;
			sourceTree = "<group>";
		};
		99A372E62490D6FA00089773 /* ViewControllers */ = {
			isa = PBXGroup;
			children = (
				99FEEA5F249DBB280072D225 /* NesRomNavigationController.swift */,
				999AA95B248F668000DA77AA /* NesRomViewController.swift */,
				99488F41248985F100942A1E /* DocumentBrowserViewController.swift */,
				99B1ED9B249E91C600BC66F3 /* SettingsTableViewController.swift */,
				99B1EDB8249EC8D000BC66F3 /* SettingsNavigationController.swift */,
				99B1EDA1249EB07900BC66F3 /* SettingsInfoViewController.swift */,
			);
			path = ViewControllers;
			sourceTree = "<group>";
		};
		99B1EDA3249EB09100BC66F3 /* Cells */ = {
			isa = PBXGroup;
			children = (
				99B1EDAB249EB0A800BC66F3 /* SettingsAboutCell.swift */,
				99B1EDA7249EB0A800BC66F3 /* SettingsAboutCell.xib */,
				99B1EDAA249EB0A800BC66F3 /* SettingsIconTextInfoCell.swift */,
				99B1EDA6249EB0A800BC66F3 /* SettingsIconTextInfoCell.xib */,
				99B1EDA5249EB0A800BC66F3 /* SettingsMoreInfoCell.swift */,
				99B1EDA9249EB0A800BC66F3 /* SettingsMoreInfoCell.xib */,
				99B1EDA4249EB0A800BC66F3 /* SettingsSegmentedCell.swift */,
				99B1EDA8249EB0A800BC66F3 /* SettingsSegmentedCell.xib */,
				99B1ED9D249E924500BC66F3 /* SettingsToggleCell.swift */,
				99B1ED9E249E924500BC66F3 /* SettingsToggleCell.xib */,
			);
			path = Cells;
			sourceTree = "<group>";
		};
		99E2E2032495D8C1008AFCDB /* Frameworks */ = {
			isa = PBXGroup;
			children = (
				99E2E2042495D8C1008AFCDB /* QuickLookThumbnailing.framework */,
			);
			name = Frameworks;
			sourceTree = "<group>";
		};
		99E2E2062495D8C1008AFCDB /* nes-thumbnail-provider */ = {
			isa = PBXGroup;
			children = (
				99E2E2072495D8C1008AFCDB /* ThumbnailProvider.swift */,
				99E2E2092495D8C1008AFCDB /* Info.plist */,
			);
			path = "nes-thumbnail-provider";
			sourceTree = "<group>";
		};
		99E2E21824966AB8008AFCDB /* Shared */ = {
			isa = PBXGroup;
			children = (
				99E2E21524966AB0008AFCDB /* MapperIdentifier.swift */,
				99E2E21224966A32008AFCDB /* MirroringMode.swift */,
				99B0355D2496763000D2723F /* RomHeader.swift */,
			);
			path = Shared;
			sourceTree = "<group>";
		};
		99FA3C8F24A6E7CD0065E539 /* nes-emu-tvos */ = {
			isa = PBXGroup;
			children = (
				99FA3CC324A7A7640065E539 /* Resources */,
				99FA3CC024A7A4050065E539 /* nes-emu-tvos.entitlements */,
				99FA3C9024A6E7CD0065E539 /* AppDelegate.swift */,
				99FA3C9224A6E7CD0065E539 /* RomListTableViewController.swift */,
				99FA3C9424A6E7CD0065E539 /* Main.storyboard */,
				99FA3C9724A6E7D00065E539 /* Assets.xcassets */,
				99FA3C9924A6E7D00065E539 /* LaunchScreen.storyboard */,
				99FA3C9C24A6E7D00065E539 /* Info.plist */,
			);
			path = "nes-emu-tvos";
			sourceTree = "<group>";
		};
		99FA3CC324A7A7640065E539 /* Resources */ = {
			isa = PBXGroup;
			children = (
			);
			path = Resources;
			sourceTree = "<group>";
		};
/* End PBXGroup section */

/* Begin PBXNativeTarget section */
		99488F3B248985F100942A1E /* nes-emu-ios */ = {
			isa = PBXNativeTarget;
			buildConfigurationList = 99488F52248985F300942A1E /* Build configuration list for PBXNativeTarget "nes-emu-ios" */;
			buildPhases = (
				99488F38248985F100942A1E /* Sources */,
				99488F39248985F100942A1E /* Frameworks */,
				99488F3A248985F100942A1E /* Resources */,
				99E2E20D2495D8C1008AFCDB /* Embed App Extensions */,
			);
			buildRules = (
			);
			dependencies = (
				99E2E20B2495D8C1008AFCDB /* PBXTargetDependency */,
			);
			name = "nes-emu-ios";
			productName = "nes-emu-ios";
			productReference = 99488F3C248985F100942A1E /* nes-emu-ios.app */;
			productType = "com.apple.product-type.application";
		};
		99E2E2012495D8C1008AFCDB /* nes-thumbnail-provider */ = {
			isa = PBXNativeTarget;
			buildConfigurationList = 99E2E2102495D8C1008AFCDB /* Build configuration list for PBXNativeTarget "nes-thumbnail-provider" */;
			buildPhases = (
				99E2E1FE2495D8C1008AFCDB /* Sources */,
				99E2E1FF2495D8C1008AFCDB /* Frameworks */,
				99E2E2002495D8C1008AFCDB /* Resources */,
			);
			buildRules = (
			);
			dependencies = (
			);
			name = "nes-thumbnail-provider";
			productName = "nes-thumbnail-provider";
			productReference = 99E2E2022495D8C1008AFCDB /* nes-thumbnail-provider.appex */;
			productType = "com.apple.product-type.app-extension";
		};
		99FA3C8D24A6E7CD0065E539 /* nes-emu-tvos */ = {
			isa = PBXNativeTarget;
			buildConfigurationList = 99FA3C9F24A6E7D00065E539 /* Build configuration list for PBXNativeTarget "nes-emu-tvos" */;
			buildPhases = (
				99FA3C8A24A6E7CD0065E539 /* Sources */,
				99FA3C8B24A6E7CD0065E539 /* Frameworks */,
				99FA3C8C24A6E7CD0065E539 /* Resources */,
			);
			buildRules = (
			);
			dependencies = (
			);
			name = "nes-emu-tvos";
			productName = "nes-emu-tvos";
			productReference = 99FA3C8E24A6E7CD0065E539 /* nes-emu-tvos.app */;
			productType = "com.apple.product-type.application";
		};
/* End PBXNativeTarget section */

/* Begin PBXProject section */
		99488F34248985F100942A1E /* Project object */ = {
			isa = PBXProject;
			attributes = {
				LastSwiftUpdateCheck = 1150;
				LastUpgradeCheck = 1150;
				ORGANIZATIONNAME = "Tom Salvo";
				TargetAttributes = {
					99488F3B248985F100942A1E = {
						CreatedOnToolsVersion = 11.5;
					};
					99E2E2012495D8C1008AFCDB = {
						CreatedOnToolsVersion = 11.5;
					};
					99FA3C8D24A6E7CD0065E539 = {
						CreatedOnToolsVersion = 11.5;
					};
				};
			};
			buildConfigurationList = 99488F37248985F100942A1E /* Build configuration list for PBXProject "nes-emu-ios" */;
			compatibilityVersion = "Xcode 9.3";
			developmentRegion = en;
			hasScannedForEncodings = 0;
			knownRegions = (
				en,
				Base,
			);
			mainGroup = 99488F33248985F100942A1E;
			productRefGroup = 99488F3D248985F100942A1E /* Products */;
			projectDirPath = "";
			projectRoot = "";
			targets = (
				99488F3B248985F100942A1E /* nes-emu-ios */,
				99FA3C8D24A6E7CD0065E539 /* nes-emu-tvos */,
				99E2E2012495D8C1008AFCDB /* nes-thumbnail-provider */,
			);
		};
/* End PBXProject section */

/* Begin PBXResourcesBuildPhase section */
		99488F3A248985F100942A1E /* Resources */ = {
			isa = PBXResourcesBuildPhase;
			buildActionMask = 2147483647;
			files = (
				99B1EDA0249E924500BC66F3 /* SettingsToggleCell.xib in Resources */,
				99488F4E248985F300942A1E /* LaunchScreen.storyboard in Resources */,
				99B7C307249F009100B26AC6 /* Settings.bundle in Resources */,
				999EF98724988D8B007149C9 /* Localizable.strings in Resources */,
				99488F4B248985F300942A1E /* Assets.xcassets in Resources */,
				99B1EDAF249EB0A800BC66F3 /* SettingsAboutCell.xib in Resources */,
				99B1EDAE249EB0A800BC66F3 /* SettingsIconTextInfoCell.xib in Resources */,
				99488F49248985F100942A1E /* Main.storyboard in Resources */,
				99B1EDB1249EB0A800BC66F3 /* SettingsMoreInfoCell.xib in Resources */,
				99B1EDB0249EB0A800BC66F3 /* SettingsSegmentedCell.xib in Resources */,
			);
			runOnlyForDeploymentPostprocessing = 0;
		};
		99E2E2002495D8C1008AFCDB /* Resources */ = {
			isa = PBXResourcesBuildPhase;
			buildActionMask = 2147483647;
			files = (
			);
			runOnlyForDeploymentPostprocessing = 0;
		};
		99FA3C8C24A6E7CD0065E539 /* Resources */ = {
			isa = PBXResourcesBuildPhase;
			buildActionMask = 2147483647;
			files = (
				99FA3C9B24A6E7D00065E539 /* LaunchScreen.storyboard in Resources */,
				99FA3C9824A6E7D00065E539 /* Assets.xcassets in Resources */,
				99FA3C9624A6E7CD0065E539 /* Main.storyboard in Resources */,
			);
			runOnlyForDeploymentPostprocessing = 0;
		};
/* End PBXResourcesBuildPhase section */

/* Begin PBXSourcesBuildPhase section */
		99488F38248985F100942A1E /* Sources */ = {
			isa = PBXSourcesBuildPhase;
			buildActionMask = 2147483647;
			files = (
				991B28CA248B43B500A6A6DD /* PPU.swift in Sources */,
				99FB220A248DCC7A00D557A4 /* MapperProtocol.swift in Sources */,
				99B1ED9F249E924500BC66F3 /* SettingsToggleCell.swift in Sources */,
				99488F46248985F100942A1E /* NesRomDocument.swift in Sources */,
				99B7C30B249F33EF00B26AC6 /* Date+Year.swift in Sources */,
				991B28CE248B746A00A6A6DD /* Controller.swift in Sources */,
				99B1EDB3249EB0A800BC66F3 /* SettingsAboutCell.swift in Sources */,
				995C9AE3249BED0B00429ECC /* Mapper_MMC2.swift in Sources */,
				995C9ADF249BECE000429ECC /* Mapper_CNROM.swift in Sources */,
				99A43E9824944CFD0009DB5B /* SampleRate.swift in Sources */,
				991B28C12489F66300A6A6DD /* Cartridge.swift in Sources */,
				994C12122496F10600DD2FE1 /* SceneDelegate.swift in Sources */,
				99C7F1752494221800E4C04D /* AudioEngine.swift in Sources */,
				991B28C4248A22BA00A6A6DD /* CPU.swift in Sources */,
				992164A3249D113D00EB4BAA /* Mapper_AxROM.swift in Sources */,
				99B7C309249F33DC00B26AC6 /* Bundle+Version.swift in Sources */,
				99488F42248985F100942A1E /* DocumentBrowserViewController.swift in Sources */,
				99488F40248985F100942A1E /* AppDelegate.swift in Sources */,
				99B1EDAD249EB0A800BC66F3 /* SettingsMoreInfoCell.swift in Sources */,
				99B1EDB7249EB2DF00BC66F3 /* Collection+SafeIndex.swift in Sources */,
				9953246224B5A86D000E9DE7 /* Mapper_ColorDreams_GxROM.swift in Sources */,
				991B28C8248B43A700A6A6DD /* APU.swift in Sources */,
				995C9ADD249BECCA00429ECC /* Mapper_MMC1.swift in Sources */,
				99E2E21624966AB0008AFCDB /* MapperIdentifier.swift in Sources */,
				999AA95C248F668000DA77AA /* NesRomViewController.swift in Sources */,
				995C9ADB249BEC9A00429ECC /* Mapper_NROM_UNROM.swift in Sources */,
				99B1EDA2249EB07900BC66F3 /* SettingsInfoViewController.swift in Sources */,
				995EEC49249DFB2300FE24F8 /* Settings.swift in Sources */,
				995C9AEA249C081300429ECC /* Mapper_UnsupportedPlaceholder.swift in Sources */,
				99FEEA60249DBB280072D225 /* NesRomNavigationController.swift in Sources */,
				99B1EDB2249EB0A800BC66F3 /* SettingsIconTextInfoCell.swift in Sources */,
				991B28CC248B470C00A6A6DD /* Console.swift in Sources */,
				99B1EDB9249EC8D000BC66F3 /* SettingsNavigationController.swift in Sources */,
				99C7F1732494096000E4C04D /* Filter.swift in Sources */,
				99488F592489BF8400942A1E /* UInt8+ByteUtils.swift in Sources */,
				99B0355E2496763000D2723F /* RomHeader.swift in Sources */,
				99B1ED9C249E91C600BC66F3 /* SettingsTableViewController.swift in Sources */,
				99B1EDAC249EB0A800BC66F3 /* SettingsSegmentedCell.swift in Sources */,
				995C9AE5249BED4000429ECC /* Mapper_MMC3.swift in Sources */,
				99A372BF248F8EC000089773 /* NESScreenView.swift in Sources */,
				99B1EDB5249EB0D100BC66F3 /* UIStackView+ArrangedSubviews.swift in Sources */,
				99E2E21324966A32008AFCDB /* MirroringMode.swift in Sources */,
			);
			runOnlyForDeploymentPostprocessing = 0;
		};
		99E2E1FE2495D8C1008AFCDB /* Sources */ = {
			isa = PBXSourcesBuildPhase;
			buildActionMask = 2147483647;
			files = (
				99E2E21424966A32008AFCDB /* MirroringMode.swift in Sources */,
				99B0355F2496763000D2723F /* RomHeader.swift in Sources */,
				99E2E21724966AB0008AFCDB /* MapperIdentifier.swift in Sources */,
				99E2E21124960A07008AFCDB /* UInt8+ByteUtils.swift in Sources */,
				99E2E2082495D8C1008AFCDB /* ThumbnailProvider.swift in Sources */,
			);
			runOnlyForDeploymentPostprocessing = 0;
		};
		99FA3C8A24A6E7CD0065E539 /* Sources */ = {
			isa = PBXSourcesBuildPhase;
			buildActionMask = 2147483647;
			files = (
				9953246324B5A86D000E9DE7 /* Mapper_ColorDreams_GxROM.swift in Sources */,
				99FA3CAA24A6F1120065E539 /* Mapper_AxROM.swift in Sources */,
				99FA3CB724A6F12A0065E539 /* PPU.swift in Sources */,
				99FA3CAD24A6F1180065E539 /* Mapper_MMC2.swift in Sources */,
				99FA3CAF24A6F11D0065E539 /* Mapper_NROM_UNROM.swift in Sources */,
				99FA3CAE24A6F11A0065E539 /* Mapper_MMC3.swift in Sources */,
				99FA3CA324A6F08C0065E539 /* NesRomViewController.swift in Sources */,
				99FA3CB124A6F1270065E539 /* MapperIdentifier.swift in Sources */,
				99FA3CB924A6F12A0065E539 /* Controller.swift in Sources */,
				99FA3CA524A6F1030065E539 /* Collection+SafeIndex.swift in Sources */,
				99FA3CA924A6F1100065E539 /* MapperProtocol.swift in Sources */,
				99FA3CAB24A6F1140065E539 /* Mapper_CNROM.swift in Sources */,
				99FA3CBD24A6F1500065E539 /* SampleRate.swift in Sources */,
				99FA3CA624A6F1050065E539 /* Bundle+Version.swift in Sources */,
				99FA3CB424A6F12A0065E539 /* Console.swift in Sources */,
				99FA3C9324A6E7CD0065E539 /* RomListTableViewController.swift in Sources */,
				99FA3CA824A6F10B0065E539 /* UIStackView+ArrangedSubviews.swift in Sources */,
				99FA3CB824A6F12A0065E539 /* Cartridge.swift in Sources */,
				99FA3CAC24A6F1160065E539 /* Mapper_MMC1.swift in Sources */,
				99FA3CB524A6F12A0065E539 /* CPU.swift in Sources */,
				99FA3CB324A6F1270065E539 /* RomHeader.swift in Sources */,
				99FA3CB024A6F11F0065E539 /* Mapper_UnsupportedPlaceholder.swift in Sources */,
				99FA3CBC24A6F1500065E539 /* AudioEngine.swift in Sources */,
				99FA3CB624A6F12A0065E539 /* APU.swift in Sources */,
				99FA3CA724A6F1090065E539 /* Date+Year.swift in Sources */,
				99FA3CBE24A6F1500065E539 /* Settings.swift in Sources */,
				99FA3C9124A6E7CD0065E539 /* AppDelegate.swift in Sources */,
				99FA3CA424A6F1000065E539 /* UInt8+ByteUtils.swift in Sources */,
				99FA3CBF24A6F16D0065E539 /* NESScreenView.swift in Sources */,
				99FA3CBA24A6F12A0065E539 /* Filter.swift in Sources */,
				99FA3CB224A6F1270065E539 /* MirroringMode.swift in Sources */,
			);
			runOnlyForDeploymentPostprocessing = 0;
		};
/* End PBXSourcesBuildPhase section */

/* Begin PBXTargetDependency section */
		99E2E20B2495D8C1008AFCDB /* PBXTargetDependency */ = {
			isa = PBXTargetDependency;
			target = 99E2E2012495D8C1008AFCDB /* nes-thumbnail-provider */;
			targetProxy = 99E2E20A2495D8C1008AFCDB /* PBXContainerItemProxy */;
		};
/* End PBXTargetDependency section */

/* Begin PBXVariantGroup section */
		99488F47248985F100942A1E /* Main.storyboard */ = {
			isa = PBXVariantGroup;
			children = (
				99488F48248985F100942A1E /* Base */,
			);
			name = Main.storyboard;
			sourceTree = "<group>";
		};
		99488F4C248985F300942A1E /* LaunchScreen.storyboard */ = {
			isa = PBXVariantGroup;
			children = (
				99488F4D248985F300942A1E /* Base */,
			);
			name = LaunchScreen.storyboard;
			sourceTree = "<group>";
		};
		99FA3C9424A6E7CD0065E539 /* Main.storyboard */ = {
			isa = PBXVariantGroup;
			children = (
				99FA3C9524A6E7CD0065E539 /* Base */,
			);
			name = Main.storyboard;
			sourceTree = "<group>";
		};
		99FA3C9924A6E7D00065E539 /* LaunchScreen.storyboard */ = {
			isa = PBXVariantGroup;
			children = (
				99FA3C9A24A6E7D00065E539 /* Base */,
			);
			name = LaunchScreen.storyboard;
			sourceTree = "<group>";
		};
/* End PBXVariantGroup section */

/* Begin XCBuildConfiguration section */
		99488F50248985F300942A1E /* Debug */ = {
			isa = XCBuildConfiguration;
			buildSettings = {
				ALWAYS_SEARCH_USER_PATHS = NO;
				CLANG_ANALYZER_NONNULL = YES;
				CLANG_ANALYZER_NUMBER_OBJECT_CONVERSION = YES_AGGRESSIVE;
				CLANG_CXX_LANGUAGE_STANDARD = "gnu++14";
				CLANG_CXX_LIBRARY = "libc++";
				CLANG_ENABLE_MODULES = YES;
				CLANG_ENABLE_OBJC_ARC = YES;
				CLANG_ENABLE_OBJC_WEAK = YES;
				CLANG_WARN_BLOCK_CAPTURE_AUTORELEASING = YES;
				CLANG_WARN_BOOL_CONVERSION = YES;
				CLANG_WARN_COMMA = YES;
				CLANG_WARN_CONSTANT_CONVERSION = YES;
				CLANG_WARN_DEPRECATED_OBJC_IMPLEMENTATIONS = YES;
				CLANG_WARN_DIRECT_OBJC_ISA_USAGE = YES_ERROR;
				CLANG_WARN_DOCUMENTATION_COMMENTS = YES;
				CLANG_WARN_EMPTY_BODY = YES;
				CLANG_WARN_ENUM_CONVERSION = YES;
				CLANG_WARN_INFINITE_RECURSION = YES;
				CLANG_WARN_INT_CONVERSION = YES;
				CLANG_WARN_NON_LITERAL_NULL_CONVERSION = YES;
				CLANG_WARN_OBJC_IMPLICIT_RETAIN_SELF = YES;
				CLANG_WARN_OBJC_LITERAL_CONVERSION = YES;
				CLANG_WARN_OBJC_ROOT_CLASS = YES_ERROR;
				CLANG_WARN_RANGE_LOOP_ANALYSIS = YES;
				CLANG_WARN_STRICT_PROTOTYPES = YES;
				CLANG_WARN_SUSPICIOUS_MOVE = YES;
				CLANG_WARN_UNGUARDED_AVAILABILITY = YES_AGGRESSIVE;
				CLANG_WARN_UNREACHABLE_CODE = YES;
				CLANG_WARN__DUPLICATE_METHOD_MATCH = YES;
				COPY_PHASE_STRIP = NO;
				DEBUG_INFORMATION_FORMAT = dwarf;
				ENABLE_STRICT_OBJC_MSGSEND = YES;
				ENABLE_TESTABILITY = YES;
				GCC_C_LANGUAGE_STANDARD = gnu11;
				GCC_DYNAMIC_NO_PIC = NO;
				GCC_NO_COMMON_BLOCKS = YES;
				GCC_OPTIMIZATION_LEVEL = 0;
				GCC_PREPROCESSOR_DEFINITIONS = (
					"DEBUG=1",
					"$(inherited)",
				);
				GCC_WARN_64_TO_32_BIT_CONVERSION = YES;
				GCC_WARN_ABOUT_RETURN_TYPE = YES_ERROR;
				GCC_WARN_UNDECLARED_SELECTOR = YES;
				GCC_WARN_UNINITIALIZED_AUTOS = YES_AGGRESSIVE;
				GCC_WARN_UNUSED_FUNCTION = YES;
				GCC_WARN_UNUSED_VARIABLE = YES;
				IPHONEOS_DEPLOYMENT_TARGET = 13.5;
				MTL_ENABLE_DEBUG_INFO = INCLUDE_SOURCE;
				MTL_FAST_MATH = YES;
				ONLY_ACTIVE_ARCH = YES;
				SDKROOT = iphoneos;
				SWIFT_ACTIVE_COMPILATION_CONDITIONS = DEBUG;
				SWIFT_OPTIMIZATION_LEVEL = "-Onone";
			};
			name = Debug;
		};
		99488F51248985F300942A1E /* Release */ = {
			isa = XCBuildConfiguration;
			buildSettings = {
				ALWAYS_SEARCH_USER_PATHS = NO;
				CLANG_ANALYZER_NONNULL = YES;
				CLANG_ANALYZER_NUMBER_OBJECT_CONVERSION = YES_AGGRESSIVE;
				CLANG_CXX_LANGUAGE_STANDARD = "gnu++14";
				CLANG_CXX_LIBRARY = "libc++";
				CLANG_ENABLE_MODULES = YES;
				CLANG_ENABLE_OBJC_ARC = YES;
				CLANG_ENABLE_OBJC_WEAK = YES;
				CLANG_WARN_BLOCK_CAPTURE_AUTORELEASING = YES;
				CLANG_WARN_BOOL_CONVERSION = YES;
				CLANG_WARN_COMMA = YES;
				CLANG_WARN_CONSTANT_CONVERSION = YES;
				CLANG_WARN_DEPRECATED_OBJC_IMPLEMENTATIONS = YES;
				CLANG_WARN_DIRECT_OBJC_ISA_USAGE = YES_ERROR;
				CLANG_WARN_DOCUMENTATION_COMMENTS = YES;
				CLANG_WARN_EMPTY_BODY = YES;
				CLANG_WARN_ENUM_CONVERSION = YES;
				CLANG_WARN_INFINITE_RECURSION = YES;
				CLANG_WARN_INT_CONVERSION = YES;
				CLANG_WARN_NON_LITERAL_NULL_CONVERSION = YES;
				CLANG_WARN_OBJC_IMPLICIT_RETAIN_SELF = YES;
				CLANG_WARN_OBJC_LITERAL_CONVERSION = YES;
				CLANG_WARN_OBJC_ROOT_CLASS = YES_ERROR;
				CLANG_WARN_RANGE_LOOP_ANALYSIS = YES;
				CLANG_WARN_STRICT_PROTOTYPES = YES;
				CLANG_WARN_SUSPICIOUS_MOVE = YES;
				CLANG_WARN_UNGUARDED_AVAILABILITY = YES_AGGRESSIVE;
				CLANG_WARN_UNREACHABLE_CODE = YES;
				CLANG_WARN__DUPLICATE_METHOD_MATCH = YES;
				COPY_PHASE_STRIP = NO;
				DEBUG_INFORMATION_FORMAT = "dwarf-with-dsym";
				ENABLE_NS_ASSERTIONS = NO;
				ENABLE_STRICT_OBJC_MSGSEND = YES;
				GCC_C_LANGUAGE_STANDARD = gnu11;
				GCC_NO_COMMON_BLOCKS = YES;
				GCC_WARN_64_TO_32_BIT_CONVERSION = YES;
				GCC_WARN_ABOUT_RETURN_TYPE = YES_ERROR;
				GCC_WARN_UNDECLARED_SELECTOR = YES;
				GCC_WARN_UNINITIALIZED_AUTOS = YES_AGGRESSIVE;
				GCC_WARN_UNUSED_FUNCTION = YES;
				GCC_WARN_UNUSED_VARIABLE = YES;
				IPHONEOS_DEPLOYMENT_TARGET = 13.5;
				MTL_ENABLE_DEBUG_INFO = NO;
				MTL_FAST_MATH = YES;
				SDKROOT = iphoneos;
				SWIFT_COMPILATION_MODE = wholemodule;
				SWIFT_OPTIMIZATION_LEVEL = "-O";
				VALIDATE_PRODUCT = YES;
			};
			name = Release;
		};
		99488F53248985F300942A1E /* Debug */ = {
			isa = XCBuildConfiguration;
			buildSettings = {
				ALWAYS_EMBED_SWIFT_STANDARD_LIBRARIES = YES;
				ASSETCATALOG_COMPILER_APPICON_NAME = AppIcon;
				CODE_SIGN_ENTITLEMENTS = "nes-emu-ios/nes-emu-ios.entitlements";
				CODE_SIGN_STYLE = Automatic;
				DEVELOPMENT_TEAM = 354MRHL389;
				INFOPLIST_FILE = "nes-emu-ios/Info.plist";
				IPHONEOS_DEPLOYMENT_TARGET = 13.0;
				LD_RUNPATH_SEARCH_PATHS = (
					"$(inherited)",
					"@executable_path/Frameworks",
				);
				PRODUCT_BUNDLE_IDENTIFIER = "com.tomsalvo.nes-emu-ios";
				PRODUCT_NAME = "$(TARGET_NAME)";
				SUPPORTS_MACCATALYST = YES;
				SWIFT_VERSION = 5.0;
				TARGETED_DEVICE_FAMILY = "1,2";
			};
			name = Debug;
		};
		99488F54248985F300942A1E /* Release */ = {
			isa = XCBuildConfiguration;
			buildSettings = {
				ALWAYS_EMBED_SWIFT_STANDARD_LIBRARIES = YES;
				ASSETCATALOG_COMPILER_APPICON_NAME = AppIcon;
				CODE_SIGN_ENTITLEMENTS = "nes-emu-ios/nes-emu-ios.entitlements";
				CODE_SIGN_STYLE = Automatic;
				DEVELOPMENT_TEAM = 354MRHL389;
				INFOPLIST_FILE = "nes-emu-ios/Info.plist";
				IPHONEOS_DEPLOYMENT_TARGET = 13.0;
				LD_RUNPATH_SEARCH_PATHS = (
					"$(inherited)",
					"@executable_path/Frameworks",
				);
				PRODUCT_BUNDLE_IDENTIFIER = "com.tomsalvo.nes-emu-ios";
				PRODUCT_NAME = "$(TARGET_NAME)";
				SUPPORTS_MACCATALYST = YES;
				SWIFT_DISABLE_SAFETY_CHECKS = YES;
				SWIFT_ENFORCE_EXCLUSIVE_ACCESS = off;
				SWIFT_VERSION = 5.0;
				TARGETED_DEVICE_FAMILY = "1,2";
			};
			name = Release;
		};
		99E2E20E2495D8C1008AFCDB /* Debug */ = {
			isa = XCBuildConfiguration;
			buildSettings = {
				CODE_SIGN_STYLE = Automatic;
				DEVELOPMENT_TEAM = 354MRHL389;
				INFOPLIST_FILE = "nes-thumbnail-provider/Info.plist";
				LD_RUNPATH_SEARCH_PATHS = (
					"$(inherited)",
					"@executable_path/Frameworks",
					"@executable_path/../../Frameworks",
				);
				PRODUCT_BUNDLE_IDENTIFIER = "com.tomsalvo.nes-emu-ios.nes-thumbnail-provider";
				PRODUCT_NAME = "$(TARGET_NAME)";
				SKIP_INSTALL = YES;
				SWIFT_VERSION = 5.0;
				TARGETED_DEVICE_FAMILY = "1,2";
			};
			name = Debug;
		};
		99E2E20F2495D8C1008AFCDB /* Release */ = {
			isa = XCBuildConfiguration;
			buildSettings = {
				CODE_SIGN_STYLE = Automatic;
				DEVELOPMENT_TEAM = 354MRHL389;
				INFOPLIST_FILE = "nes-thumbnail-provider/Info.plist";
				LD_RUNPATH_SEARCH_PATHS = (
					"$(inherited)",
					"@executable_path/Frameworks",
					"@executable_path/../../Frameworks",
				);
				PRODUCT_BUNDLE_IDENTIFIER = "com.tomsalvo.nes-emu-ios.nes-thumbnail-provider";
				PRODUCT_NAME = "$(TARGET_NAME)";
				SKIP_INSTALL = YES;
				SWIFT_VERSION = 5.0;
				TARGETED_DEVICE_FAMILY = "1,2";
			};
			name = Release;
		};
		99FA3C9D24A6E7D00065E539 /* Debug */ = {
			isa = XCBuildConfiguration;
			buildSettings = {
				ASSETCATALOG_COMPILER_APPICON_NAME = "App Icon & Top Shelf Image";
				CODE_SIGN_ENTITLEMENTS = "nes-emu-tvos/nes-emu-tvos.entitlements";
				CODE_SIGN_STYLE = Automatic;
				DEVELOPMENT_TEAM = 354MRHL389;
				INFOPLIST_FILE = "nes-emu-tvos/Info.plist";
				LD_RUNPATH_SEARCH_PATHS = (
					"$(inherited)",
					"@executable_path/Frameworks",
				);
				PRODUCT_BUNDLE_IDENTIFIER = "com.tomsalvo.nes-emu-tvos";
				PRODUCT_NAME = "$(TARGET_NAME)";
				SDKROOT = appletvos;
				SWIFT_VERSION = 5.0;
				TARGETED_DEVICE_FAMILY = 3;
				TVOS_DEPLOYMENT_TARGET = 13.4;
			};
			name = Debug;
		};
		99FA3C9E24A6E7D00065E539 /* Release */ = {
			isa = XCBuildConfiguration;
			buildSettings = {
				ASSETCATALOG_COMPILER_APPICON_NAME = "App Icon & Top Shelf Image";
				CODE_SIGN_ENTITLEMENTS = "nes-emu-tvos/nes-emu-tvos.entitlements";
				CODE_SIGN_STYLE = Automatic;
				DEVELOPMENT_TEAM = 354MRHL389;
				INFOPLIST_FILE = "nes-emu-tvos/Info.plist";
				LD_RUNPATH_SEARCH_PATHS = (
					"$(inherited)",
					"@executable_path/Frameworks",
				);
				PRODUCT_BUNDLE_IDENTIFIER = "com.tomsalvo.nes-emu-tvos";
				PRODUCT_NAME = "$(TARGET_NAME)";
				SDKROOT = appletvos;
				SWIFT_DISABLE_SAFETY_CHECKS = YES;
				SWIFT_ENFORCE_EXCLUSIVE_ACCESS = off;
				SWIFT_VERSION = 5.0;
				TARGETED_DEVICE_FAMILY = 3;
				TVOS_DEPLOYMENT_TARGET = 13.4;
			};
			name = Release;
		};
/* End XCBuildConfiguration section */

/* Begin XCConfigurationList section */
		99488F37248985F100942A1E /* Build configuration list for PBXProject "nes-emu-ios" */ = {
			isa = XCConfigurationList;
			buildConfigurations = (
				99488F50248985F300942A1E /* Debug */,
				99488F51248985F300942A1E /* Release */,
			);
			defaultConfigurationIsVisible = 0;
			defaultConfigurationName = Release;
		};
		99488F52248985F300942A1E /* Build configuration list for PBXNativeTarget "nes-emu-ios" */ = {
			isa = XCConfigurationList;
			buildConfigurations = (
				99488F53248985F300942A1E /* Debug */,
				99488F54248985F300942A1E /* Release */,
			);
			defaultConfigurationIsVisible = 0;
			defaultConfigurationName = Release;
		};
		99E2E2102495D8C1008AFCDB /* Build configuration list for PBXNativeTarget "nes-thumbnail-provider" */ = {
			isa = XCConfigurationList;
			buildConfigurations = (
				99E2E20E2495D8C1008AFCDB /* Debug */,
				99E2E20F2495D8C1008AFCDB /* Release */,
			);
			defaultConfigurationIsVisible = 0;
			defaultConfigurationName = Release;
		};
		99FA3C9F24A6E7D00065E539 /* Build configuration list for PBXNativeTarget "nes-emu-tvos" */ = {
			isa = XCConfigurationList;
			buildConfigurations = (
				99FA3C9D24A6E7D00065E539 /* Debug */,
				99FA3C9E24A6E7D00065E539 /* Release */,
			);
			defaultConfigurationIsVisible = 0;
			defaultConfigurationName = Release;
		};
/* End XCConfigurationList section */
	};
	rootObject = 99488F34248985F100942A1E /* Project object */;
}
